
Microsoft Visual Studio Solution File, Format Version 12.00
# Visual Studio Version 17
VisualStudioVersion = 17.10.35013.160
MinimumVisualStudioVersion = 10.0.40219.1
Project("{FAE04EC0-301F-11D3-BF4B-00C04F79EFBC}") = "MathLibraryForUnitTesting", "MathLibraryForUnitTesting\MathLibraryForUnitTesting.csproj", "{AAB31A9F-662B-49DC-8F81-0650AA0CC54B}"
EndProject
Project("{FAE04EC0-301F-11D3-BF4B-00C04F79EFBC}") = "MathLibraryForUnitTesting.Tests", "MathLibraryForUnitTesting.Tests\MathLibraryForUnitTesting.Tests.csproj", "{8EC613A8-43BA-4312-9486-E355EE79CF08}"
EndProject
Global
	GlobalSection(SolutionConfigurationPlatforms) = preSolution
		Debug|Any CPU = Debug|Any CPU
		Release|Any CPU = Release|Any CPU
	EndGlobalSection
	GlobalSection(ProjectConfigurationPlatforms) = postSolution
		{AAB31A9F-662B-49DC-8F81-0650AA0CC54B}.Debug|Any CPU.ActiveCfg = Debug|Any CPU
		{AAB31A9F-662B-49DC-8F81-0650AA0CC54B}.Debug|Any CPU.Build.0 = Debug|Any CPU
		{AAB31A9F-662B-49DC-8F81-0650AA0CC54B}.Release|Any CPU.ActiveCfg = Release|Any CPU
		{AAB31A9F-662B-49DC-8F81-0650AA0CC54B}.Release|Any CPU.Build.0 = Release|Any CPU
		{8EC613A8-43BA-4312-9486-E355EE79CF08}.Debug|Any CPU.ActiveCfg = Debug|Any CPU
		{8EC613A8-43BA-4312-9486-E355EE79CF08}.Debug|Any CPU.Build.0 = Debug|Any CPU
		{8EC613A8-43BA-4312-9486-E355EE79CF08}.Release|Any CPU.ActiveCfg = Release|Any CPU
		{8EC613A8-43BA-4312-9486-E355EE79CF08}.Release|Any CPU.Build.0 = Release|Any CPU
	EndGlobalSection
	GlobalSection(SolutionProperties) = preSolution
		HideSolutionNode = FALSE
	EndGlobalSection
	GlobalSection(ExtensibilityGlobals) = postSolution
		SolutionGuid = {3124984B-F75F-44C7-BBC0-32E600F0B651}
	EndGlobalSection
EndGlobal
